
Microsoft Visual Studio Solution File, Format Version 12.00
# Visual Studio Version 17
VisualStudioVersion = 17.6.33829.357
MinimumVisualStudioVersion = 10.0.40219.1
Project("{FAE04EC0-301F-11D3-BF4B-00C04F79EFBC}") = "SCPBreachBroadcast", "SCPBreachBroadcast\SCPBreachBroadcast.csproj", "{92DD4EC4-7B0D-4433-A0BF-677EECF94EC2}"
EndProject
Global
	GlobalSection(SolutionConfigurationPlatforms) = preSolution
		Debug|Any CPU = Debug|Any CPU
		Release|Any CPU = Release|Any CPU
	EndGlobalSection
	GlobalSection(ProjectConfigurationPlatforms) = postSolution
		{92DD4EC4-7B0D-4433-A0BF-677EECF94EC2}.Debug|Any CPU.ActiveCfg = Debug|Any CPU
		{92DD4EC4-7B0D-4433-A0BF-677EECF94EC2}.Debug|Any CPU.Build.0 = Debug|Any CPU
		{92DD4EC4-7B0D-4433-A0BF-677EECF94EC2}.Release|Any CPU.ActiveCfg = Release|Any CPU
		{92DD4EC4-7B0D-4433-A0BF-677EECF94EC2}.Release|Any CPU.Build.0 = Release|Any CPU
	EndGlobalSection
	GlobalSection(SolutionProperties) = preSolution
		HideSolutionNode = FALSE
	EndGlobalSection
	GlobalSection(ExtensibilityGlobals) = postSolution
		SolutionGuid = {46077589-6E42-4C6E-B4DB-08360A05691C}
	EndGlobalSection
EndGlobal
